
Microsoft Visual Studio Solution File, Format Version 12.00
# Visual Studio Version 17
VisualStudioVersion = 17.7.34009.444
MinimumVisualStudioVersion = 10.0.40219.1
Project("{FAE04EC0-301F-11D3-BF4B-00C04F79EFBC}") = "Lab14", "Lab14\Lab14.csproj", "{0395115A-64D7-4F4E-A279-99F60B86DD24}"
EndProject
Global
	GlobalSection(SolutionConfigurationPlatforms) = preSolution
		Debug|Any CPU = Debug|Any CPU
		Release|Any CPU = Release|Any CPU
	EndGlobalSection
	GlobalSection(ProjectConfigurationPlatforms) = postSolution
		{0395115A-64D7-4F4E-A279-99F60B86DD24}.Debug|Any CPU.ActiveCfg = Debug|Any CPU
		{0395115A-64D7-4F4E-A279-99F60B86DD24}.Debug|Any CPU.Build.0 = Debug|Any CPU
		{0395115A-64D7-4F4E-A279-99F60B86DD24}.Release|Any CPU.ActiveCfg = Release|Any CPU
		{0395115A-64D7-4F4E-A279-99F60B86DD24}.Release|Any CPU.Build.0 = Release|Any CPU
	EndGlobalSection
	GlobalSection(SolutionProperties) = preSolution
		HideSolutionNode = FALSE
	EndGlobalSection
	GlobalSection(ExtensibilityGlobals) = postSolution
		SolutionGuid = {77D83D09-CEEB-4457-9D99-43E7FA00A7E5}
	EndGlobalSection
EndGlobal
